
Microsoft Visual Studio Solution File, Format Version 12.00
# Visual Studio Version 17
VisualStudioVersion = 17.6.33829.357
MinimumVisualStudioVersion = 10.0.40219.1
Project("{FAE04EC0-301F-11D3-BF4B-00C04F79EFBC}") = "Exam02", "Exam02\Exam02.csproj", "{C6E9006C-E042-4422-B7B7-FB522CCB5F5B}"
EndProject
Global
	GlobalSection(SolutionConfigurationPlatforms) = preSolution
		Debug|Any CPU = Debug|Any CPU
		Release|Any CPU = Release|Any CPU
	EndGlobalSection
	GlobalSection(ProjectConfigurationPlatforms) = postSolution
		{C6E9006C-E042-4422-B7B7-FB522CCB5F5B}.Debug|Any CPU.ActiveCfg = Debug|Any CPU
		{C6E9006C-E042-4422-B7B7-FB522CCB5F5B}.Debug|Any CPU.Build.0 = Debug|Any CPU
		{C6E9006C-E042-4422-B7B7-FB522CCB5F5B}.Release|Any CPU.ActiveCfg = Release|Any CPU
		{C6E9006C-E042-4422-B7B7-FB522CCB5F5B}.Release|Any CPU.Build.0 = Release|Any CPU
	EndGlobalSection
	GlobalSection(SolutionProperties) = preSolution
		HideSolutionNode = FALSE
	EndGlobalSection
	GlobalSection(ExtensibilityGlobals) = postSolution
		SolutionGuid = {AB485694-24D9-4246-9363-0C99782757A4}
	EndGlobalSection
EndGlobal
